# This file is automatically @generated by Cargo.
# It is not intended for manual editing.
version = 3

[[package]]
name = "number-theory"
version = "0.0.6"
source = "registry+https://github.com/rust-lang/crates.io-index"
checksum = "57bc4f91f6551203ba762815de0810e535fe07fadfc4050c3e85827867482e65"

[[package]]
name = "rust-cas"
version = "0.0.0"
dependencies = [
 "number-theory",
]
